// !$*UTF8*$!
{
	archiveVersion = 1;
	classes = {
	};
	objectVersion = 46;
	objects = {

/* Begin PBXBuildFile section */
		D05EA9EA13FD130B00B8CD89 /* UISwiftTextFieldDelegate.m in Sources */ = {isa = PBXBuildFile; fileRef = D05EA9E913FD130B00B8CD89 /* UISwiftTextFieldDelegate.m */; };
		D05EA9EE13FD21C600B8CD89 /* SwiftButtonPurple.m in Sources */ = {isa = PBXBuildFile; fileRef = D05EA9ED13FD21C600B8CD89 /* SwiftButtonPurple.m */; };
		D05EA9F213FD265800B8CD89 /* AboutSwiftViewController.m in Sources */ = {isa = PBXBuildFile; fileRef = D05EA9F013FD265800B8CD89 /* AboutSwiftViewController.m */; };
		D05EA9F313FD265800B8CD89 /* AboutSwiftViewController.xib in Resources */ = {isa = PBXBuildFile; fileRef = D05EA9F113FD265800B8CD89 /* AboutSwiftViewController.xib */; };
		D05EA9F713FD270400B8CD89 /* AboutSepaViewController.m in Sources */ = {isa = PBXBuildFile; fileRef = D05EA9F513FD270300B8CD89 /* AboutSepaViewController.m */; };
		D05EA9F813FD270400B8CD89 /* AboutSepaViewController.xib in Resources */ = {isa = PBXBuildFile; fileRef = D05EA9F613FD270300B8CD89 /* AboutSepaViewController.xib */; };
		D0C6AF1A1405F3F10082DB00 /* WSFactory.m in Sources */ = {isa = PBXBuildFile; fileRef = D0C6AF191405F3F10082DB00 /* WSFactory.m */; };
		D0DF2E80140C661A00339174 /* XmlParser.m in Sources */ = {isa = PBXBuildFile; fileRef = D0DF2E7F140C661A00339174 /* XmlParser.m */; };
		D531090914094C4C00D5BEA2 /* Ident.m in Sources */ = {isa = PBXBuildFile; fileRef = D531090814094C4C00D5BEA2 /* Ident.m */; };
		D5311D4C1404D2EA00ADB48A /* iphone3.png in Resources */ = {isa = PBXBuildFile; fileRef = D5311D4B1404D2EA00ADB48A /* iphone3.png */; };
		D5311D4E1404D2FE00ADB48A /* iphone4.png in Resources */ = {isa = PBXBuildFile; fileRef = D5311D4D1404D2FE00ADB48A /* iphone4.png */; };
		D561316F13FA2D5F0026D7BF /* UIKit.framework in Frameworks */ = {isa = PBXBuildFile; fileRef = D561316E13FA2D5F0026D7BF /* UIKit.framework */; };
		D561317113FA2D5F0026D7BF /* Foundation.framework in Frameworks */ = {isa = PBXBuildFile; fileRef = D561317013FA2D5F0026D7BF /* Foundation.framework */; };
		D561317313FA2D5F0026D7BF /* CoreGraphics.framework in Frameworks */ = {isa = PBXBuildFile; fileRef = D561317213FA2D5F0026D7BF /* CoreGraphics.framework */; };
		D561317913FA2D5F0026D7BF /* InfoPlist.strings in Resources */ = {isa = PBXBuildFile; fileRef = D561317713FA2D5F0026D7BF /* InfoPlist.strings */; };
		D561317C13FA2D5F0026D7BF /* main.m in Sources */ = {isa = PBXBuildFile; fileRef = D561317B13FA2D5F0026D7BF /* main.m */; };
		D561317F13FA2D600026D7BF /* SwiftAppDelegate.m in Sources */ = {isa = PBXBuildFile; fileRef = D561317E13FA2D600026D7BF /* SwiftAppDelegate.m */; };
		D561318213FA2D600026D7BF /* MainWindow.xib in Resources */ = {isa = PBXBuildFile; fileRef = D561318013FA2D600026D7BF /* MainWindow.xib */; };
		D561318F13FA2D600026D7BF /* UIKit.framework in Frameworks */ = {isa = PBXBuildFile; fileRef = D561316E13FA2D5F0026D7BF /* UIKit.framework */; };
		D561319013FA2D600026D7BF /* Foundation.framework in Frameworks */ = {isa = PBXBuildFile; fileRef = D561317013FA2D5F0026D7BF /* Foundation.framework */; };
		D561319113FA2D600026D7BF /* CoreGraphics.framework in Frameworks */ = {isa = PBXBuildFile; fileRef = D561317213FA2D5F0026D7BF /* CoreGraphics.framework */; };
		D561319913FA2D600026D7BF /* InfoPlist.strings in Resources */ = {isa = PBXBuildFile; fileRef = D561319713FA2D600026D7BF /* InfoPlist.strings */; };
		D561319C13FA2D600026D7BF /* SwiftTests.h in Resources */ = {isa = PBXBuildFile; fileRef = D561319B13FA2D600026D7BF /* SwiftTests.h */; };
		D561319E13FA2D600026D7BF /* SwiftTests.m in Sources */ = {isa = PBXBuildFile; fileRef = D561319D13FA2D600026D7BF /* SwiftTests.m */; };
		D56131C613FA97490026D7BF /* bottom_white.png in Resources */ = {isa = PBXBuildFile; fileRef = D56131B513FA97460026D7BF /* bottom_white.png */; };
		D56131C713FA97490026D7BF /* button_blue.png in Resources */ = {isa = PBXBuildFile; fileRef = D56131B613FA97470026D7BF /* button_blue.png */; };
		D56131C913FA97490026D7BF /* checkbban_menubutton.png in Resources */ = {isa = PBXBuildFile; fileRef = D56131B813FA97470026D7BF /* checkbban_menubutton.png */; };
		D56131CB13FA97490026D7BF /* checkiban_menubutton.png in Resources */ = {isa = PBXBuildFile; fileRef = D56131BA13FA97470026D7BF /* checkiban_menubutton.png */; };
		D56131CC13FA97490026D7BF /* details_button.png in Resources */ = {isa = PBXBuildFile; fileRef = D56131BB13FA97470026D7BF /* details_button.png */; };
		D56131CD13FA97490026D7BF /* grayline.png in Resources */ = {isa = PBXBuildFile; fileRef = D56131BC13FA97470026D7BF /* grayline.png */; };
		D56131CE13FA97490026D7BF /* info.png in Resources */ = {isa = PBXBuildFile; fileRef = D56131BD13FA97470026D7BF /* info.png */; };
		D56131CF13FA97490026D7BF /* login.png in Resources */ = {isa = PBXBuildFile; fileRef = D56131BE13FA97470026D7BF /* login.png */; };
		D56131D013FA97490026D7BF /* middle_white.png in Resources */ = {isa = PBXBuildFile; fileRef = D56131BF13FA97470026D7BF /* middle_white.png */; };
		D56131D113FA97490026D7BF /* powerdby_apply_logo.png in Resources */ = {isa = PBXBuildFile; fileRef = D56131C013FA97480026D7BF /* powerdby_apply_logo.png */; };
		D56131D213FA97490026D7BF /* purple_button.png in Resources */ = {isa = PBXBuildFile; fileRef = D56131C113FA97480026D7BF /* purple_button.png */; };
		D56131D313FA97490026D7BF /* sepa_menubutton.png in Resources */ = {isa = PBXBuildFile; fileRef = D56131C213FA97480026D7BF /* sepa_menubutton.png */; };
		D56131D413FA97490026D7BF /* Default.png in Resources */ = {isa = PBXBuildFile; fileRef = D56131C313FA97480026D7BF /* Default.png */; };
		D56131D513FA97490026D7BF /* swift_menubutton.png in Resources */ = {isa = PBXBuildFile; fileRef = D56131C413FA97480026D7BF /* swift_menubutton.png */; };
		D56131D613FA97490026D7BF /* top_white.png in Resources */ = {isa = PBXBuildFile; fileRef = D56131C513FA97480026D7BF /* top_white.png */; };
		D5665EAB13FF6FE300F249D1 /* backbutton.png in Resources */ = {isa = PBXBuildFile; fileRef = D5665EAA13FF6FE300F249D1 /* backbutton.png */; };
		D5665EAE13FF6FEC00F249D1 /* purple_button_big.png in Resources */ = {isa = PBXBuildFile; fileRef = D5665EAD13FF6FEC00F249D1 /* purple_button_big.png */; };
		D569965813FBB163002C75DD /* 21-check_bic_logo.png in Resources */ = {isa = PBXBuildFile; fileRef = D569965613FBB163002C75DD /* 21-check_bic_logo.png */; };
		D569965913FBB163002C75DD /* 21-check_iban_logo.png in Resources */ = {isa = PBXBuildFile; fileRef = D569965713FBB163002C75DD /* 21-check_iban_logo.png */; };
		D569965C13FBB171002C75DD /* bg-1.png in Resources */ = {isa = PBXBuildFile; fileRef = D569965A13FBB171002C75DD /* bg-1.png */; };
		D569965D13FBB171002C75DD /* bg-2.png in Resources */ = {isa = PBXBuildFile; fileRef = D569965B13FBB171002C75DD /* bg-2.png */; };
		D569966113FBB473002C75DD /* IbanSearchViewController.m in Sources */ = {isa = PBXBuildFile; fileRef = D569965F13FBB473002C75DD /* IbanSearchViewController.m */; };
		D569966213FBB473002C75DD /* IbanSearchViewController.xib in Resources */ = {isa = PBXBuildFile; fileRef = D569966013FBB473002C75DD /* IbanSearchViewController.xib */; };
		D569966513FBB543002C75DD /* check_bic_logo.png in Resources */ = {isa = PBXBuildFile; fileRef = D569966313FBB543002C75DD /* check_bic_logo.png */; };
		D569966613FBB543002C75DD /* checkiban_logo.png in Resources */ = {isa = PBXBuildFile; fileRef = D569966413FBB543002C75DD /* checkiban_logo.png */; };
		D569966813FBB54C002C75DD /* mail_icon.png in Resources */ = {isa = PBXBuildFile; fileRef = D569966713FBB54C002C75DD /* mail_icon.png */; };
		D569966E13FBBCEA002C75DD /* check_bic_icon.png in Resources */ = {isa = PBXBuildFile; fileRef = D569966913FBBCE9002C75DD /* check_bic_icon.png */; };
		D569966F13FBBCEA002C75DD /* checkiban_icon.png in Resources */ = {isa = PBXBuildFile; fileRef = D569966A13FBBCE9002C75DD /* checkiban_icon.png */; };
		D569967013FBBCEA002C75DD /* sepa_icon.png in Resources */ = {isa = PBXBuildFile; fileRef = D569966B13FBBCEA002C75DD /* sepa_icon.png */; };
		D569967113FBBCEA002C75DD /* swift_icon.png in Resources */ = {isa = PBXBuildFile; fileRef = D569966C13FBBCEA002C75DD /* swift_icon.png */; };
		D569967213FBBCEA002C75DD /* swift_topbar_icon.png in Resources */ = {isa = PBXBuildFile; fileRef = D569966D13FBBCEA002C75DD /* swift_topbar_icon.png */; };
		D56AD45C1400ABDA009BDE17 /* countries.xml in Resources */ = {isa = PBXBuildFile; fileRef = D56AD45B1400ABDA009BDE17 /* countries.xml */; };
		D5DA1CD1140154A500D4095D /* SwiftConstant.m in Sources */ = {isa = PBXBuildFile; fileRef = D5DA1CD0140154A500D4095D /* SwiftConstant.m */; };
		D5DA1CD5140161B700D4095D /* ErrorList.plist in Resources */ = {isa = PBXBuildFile; fileRef = D5DA1CD4140161B700D4095D /* ErrorList.plist */; };
		D5DCD9FF14089CE700786D6A /* Vortex.xcdatamodeld in Sources */ = {isa = PBXBuildFile; fileRef = D5DCD9FD14089CE700786D6A /* Vortex.xcdatamodeld */; };
		D5DCDA071408A7CC00786D6A /* Bank.m in Sources */ = {isa = PBXBuildFile; fileRef = D5DCDA061408A7CC00786D6A /* Bank.m */; };
		D5DCDA0A1408A84A00786D6A /* LocHeadBank.m in Sources */ = {isa = PBXBuildFile; fileRef = D5DCDA091408A84A00786D6A /* LocHeadBank.m */; };
		D5DCDA0D1408A86400786D6A /* Sepa.m in Sources */ = {isa = PBXBuildFile; fileRef = D5DCDA0C1408A86400786D6A /* Sepa.m */; };
		D5DCDA151408A9FC00786D6A /* CoreData.framework in Frameworks */ = {isa = PBXBuildFile; fileRef = D5DCDA141408A9FC00786D6A /* CoreData.framework */; };
		D5DCDA1B1408ABCA00786D6A /* Routing.m in Sources */ = {isa = PBXBuildFile; fileRef = D5DCDA1A1408ABCA00786D6A /* Routing.m */; };
		D5E9B65513FB51AC006DCDB3 /* MenuViewController.xib in Resources */ = {isa = PBXBuildFile; fileRef = D5E9B65413FB51AC006DCDB3 /* MenuViewController.xib */; };
		D5E9B65D13FB5568006DCDB3 /* SwiftButtonBlue.m in Sources */ = {isa = PBXBuildFile; fileRef = D5E9B65C13FB5568006DCDB3 /* SwiftButtonBlue.m */; };
		D5E9B66113FB594A006DCDB3 /* MenuViewController.m in Sources */ = {isa = PBXBuildFile; fileRef = D5E9B66013FB594A006DCDB3 /* MenuViewController.m */; };
		D5E9B66413FB6C32006DCDB3 /* SwiftNavigationBar.m in Sources */ = {isa = PBXBuildFile; fileRef = D5E9B66313FB6C32006DCDB3 /* SwiftNavigationBar.m */; };
		D5E9B66613FB73FB006DCDB3 /* BicSearchViewController.xib in Resources */ = {isa = PBXBuildFile; fileRef = D5E9B66513FB73FB006DCDB3 /* BicSearchViewController.xib */; };
		D5E9B66A13FB8AB5006DCDB3 /* SwiftTabBarNavigationController.m in Sources */ = {isa = PBXBuildFile; fileRef = D5E9B66813FB8AB5006DCDB3 /* SwiftTabBarNavigationController.m */; };
		D5E9B66B13FB8AB5006DCDB3 /* SwiftTabBarNavigationController.xib in Resources */ = {isa = PBXBuildFile; fileRef = D5E9B66913FB8AB5006DCDB3 /* SwiftTabBarNavigationController.xib */; };
		D5E9B66E13FB8D4C006DCDB3 /* BicSearchViewController.m in Sources */ = {isa = PBXBuildFile; fileRef = D5E9B66D13FB8D4C006DCDB3 /* BicSearchViewController.m */; };
/* End PBXBuildFile section */

/* Begin PBXContainerItemProxy section */
		D561319213FA2D600026D7BF /* PBXContainerItemProxy */ = {
			isa = PBXContainerItemProxy;
			containerPortal = D561316113FA2D5F0026D7BF /* Project object */;
			proxyType = 1;
			remoteGlobalIDString = D561316913FA2D5F0026D7BF;
			remoteInfo = Swift;
		};
/* End PBXContainerItemProxy section */

/* Begin PBXFileReference section */
		D05EA9E813FD130B00B8CD89 /* UISwiftTextFieldDelegate.h */ = {isa = PBXFileReference; fileEncoding = 4; lastKnownFileType = sourcecode.c.h; path = UISwiftTextFieldDelegate.h; sourceTree = "<group>"; };
		D05EA9E913FD130B00B8CD89 /* UISwiftTextFieldDelegate.m */ = {isa = PBXFileReference; fileEncoding = 4; lastKnownFileType = sourcecode.c.objc; path = UISwiftTextFieldDelegate.m; sourceTree = "<group>"; };
		D05EA9EC13FD21C600B8CD89 /* SwiftButtonPurple.h */ = {isa = PBXFileReference; fileEncoding = 4; lastKnownFileType = sourcecode.c.h; path = SwiftButtonPurple.h; sourceTree = "<group>"; };
		D05EA9ED13FD21C600B8CD89 /* SwiftButtonPurple.m */ = {isa = PBXFileReference; fileEncoding = 4; lastKnownFileType = sourcecode.c.objc; path = SwiftButtonPurple.m; sourceTree = "<group>"; };
		D05EA9EF13FD265800B8CD89 /* AboutSwiftViewController.h */ = {isa = PBXFileReference; fileEncoding = 4; lastKnownFileType = sourcecode.c.h; path = AboutSwiftViewController.h; sourceTree = "<group>"; };
		D05EA9F013FD265800B8CD89 /* AboutSwiftViewController.m */ = {isa = PBXFileReference; fileEncoding = 4; lastKnownFileType = sourcecode.c.objc; path = AboutSwiftViewController.m; sourceTree = "<group>"; };
		D05EA9F113FD265800B8CD89 /* AboutSwiftViewController.xib */ = {isa = PBXFileReference; fileEncoding = 4; lastKnownFileType = file.xib; path = AboutSwiftViewController.xib; sourceTree = "<group>"; };
		D05EA9F413FD270300B8CD89 /* AboutSepaViewController.h */ = {isa = PBXFileReference; fileEncoding = 4; lastKnownFileType = sourcecode.c.h; path = AboutSepaViewController.h; sourceTree = "<group>"; };
		D05EA9F513FD270300B8CD89 /* AboutSepaViewController.m */ = {isa = PBXFileReference; fileEncoding = 4; lastKnownFileType = sourcecode.c.objc; path = AboutSepaViewController.m; sourceTree = "<group>"; };
		D05EA9F613FD270300B8CD89 /* AboutSepaViewController.xib */ = {isa = PBXFileReference; fileEncoding = 4; lastKnownFileType = file.xib; path = AboutSepaViewController.xib; sourceTree = "<group>"; };
		D0C6AF181405F3F10082DB00 /* WSFactory.h */ = {isa = PBXFileReference; fileEncoding = 4; lastKnownFileType = sourcecode.c.h; path = WSFactory.h; sourceTree = "<group>"; };
		D0C6AF191405F3F10082DB00 /* WSFactory.m */ = {isa = PBXFileReference; fileEncoding = 4; lastKnownFileType = sourcecode.c.objc; path = WSFactory.m; sourceTree = "<group>"; };
		D0DF2E7E140C661A00339174 /* XmlParser.h */ = {isa = PBXFileReference; fileEncoding = 4; lastKnownFileType = sourcecode.c.h; path = XmlParser.h; sourceTree = "<group>"; };
		D0DF2E7F140C661A00339174 /* XmlParser.m */ = {isa = PBXFileReference; fileEncoding = 4; lastKnownFileType = sourcecode.c.objc; path = XmlParser.m; sourceTree = "<group>"; };
		D531090714094C4C00D5BEA2 /* Ident.h */ = {isa = PBXFileReference; fileEncoding = 4; lastKnownFileType = sourcecode.c.h; path = Ident.h; sourceTree = "<group>"; };
		D531090814094C4C00D5BEA2 /* Ident.m */ = {isa = PBXFileReference; fileEncoding = 4; lastKnownFileType = sourcecode.c.objc; path = Ident.m; sourceTree = "<group>"; };
		D5311D4B1404D2EA00ADB48A /* iphone3.png */ = {isa = PBXFileReference; lastKnownFileType = image.png; name = iphone3.png; path = ../iphone3.png; sourceTree = "<group>"; };
		D5311D4D1404D2FE00ADB48A /* iphone4.png */ = {isa = PBXFileReference; lastKnownFileType = image.png; name = iphone4.png; path = ../iphone4.png; sourceTree = "<group>"; };
		D561316A13FA2D5F0026D7BF /* Swift.app */ = {isa = PBXFileReference; explicitFileType = wrapper.application; includeInIndex = 0; path = Swift.app; sourceTree = BUILT_PRODUCTS_DIR; };
		D561316E13FA2D5F0026D7BF /* UIKit.framework */ = {isa = PBXFileReference; lastKnownFileType = wrapper.framework; name = UIKit.framework; path = System/Library/Frameworks/UIKit.framework; sourceTree = SDKROOT; };
		D561317013FA2D5F0026D7BF /* Foundation.framework */ = {isa = PBXFileReference; lastKnownFileType = wrapper.framework; name = Foundation.framework; path = System/Library/Frameworks/Foundation.framework; sourceTree = SDKROOT; };
		D561317213FA2D5F0026D7BF /* CoreGraphics.framework */ = {isa = PBXFileReference; lastKnownFileType = wrapper.framework; name = CoreGraphics.framework; path = System/Library/Frameworks/CoreGraphics.framework; sourceTree = SDKROOT; };
		D561317613FA2D5F0026D7BF /* Swift-Info.plist */ = {isa = PBXFileReference; lastKnownFileType = text.plist.xml; path = "Swift-Info.plist"; sourceTree = "<group>"; };
		D561317813FA2D5F0026D7BF /* en */ = {isa = PBXFileReference; lastKnownFileType = text.plist.strings; name = en; path = en.lproj/InfoPlist.strings; sourceTree = "<group>"; };
		D561317A13FA2D5F0026D7BF /* Swift-Prefix.pch */ = {isa = PBXFileReference; lastKnownFileType = sourcecode.c.h; path = "Swift-Prefix.pch"; sourceTree = "<group>"; };
		D561317B13FA2D5F0026D7BF /* main.m */ = {isa = PBXFileReference; lastKnownFileType = sourcecode.c.objc; path = main.m; sourceTree = "<group>"; };
		D561317D13FA2D600026D7BF /* SwiftAppDelegate.h */ = {isa = PBXFileReference; lastKnownFileType = sourcecode.c.h; path = SwiftAppDelegate.h; sourceTree = "<group>"; };
		D561317E13FA2D600026D7BF /* SwiftAppDelegate.m */ = {isa = PBXFileReference; lastKnownFileType = sourcecode.c.objc; path = SwiftAppDelegate.m; sourceTree = "<group>"; };
		D561318113FA2D600026D7BF /* en */ = {isa = PBXFileReference; lastKnownFileType = file.xib; name = en; path = en.lproj/MainWindow.xib; sourceTree = "<group>"; };
		D561318E13FA2D600026D7BF /* SwiftTests.octest */ = {isa = PBXFileReference; explicitFileType = wrapper.cfbundle; includeInIndex = 0; path = SwiftTests.octest; sourceTree = BUILT_PRODUCTS_DIR; };
		D561319613FA2D600026D7BF /* SwiftTests-Info.plist */ = {isa = PBXFileReference; lastKnownFileType = text.plist.xml; path = "SwiftTests-Info.plist"; sourceTree = "<group>"; };
		D561319813FA2D600026D7BF /* en */ = {isa = PBXFileReference; lastKnownFileType = text.plist.strings; name = en; path = en.lproj/InfoPlist.strings; sourceTree = "<group>"; };
		D561319A13FA2D600026D7BF /* SwiftTests-Prefix.pch */ = {isa = PBXFileReference; lastKnownFileType = sourcecode.c.h; path = "SwiftTests-Prefix.pch"; sourceTree = "<group>"; };
		D561319B13FA2D600026D7BF /* SwiftTests.h */ = {isa = PBXFileReference; lastKnownFileType = sourcecode.c.h; path = SwiftTests.h; sourceTree = "<group>"; };
		D561319D13FA2D600026D7BF /* SwiftTests.m */ = {isa = PBXFileReference; lastKnownFileType = sourcecode.c.objc; path = SwiftTests.m; sourceTree = "<group>"; };
		D56131B513FA97460026D7BF /* bottom_white.png */ = {isa = PBXFileReference; lastKnownFileType = image.png; name = bottom_white.png; path = images/bottom_white.png; sourceTree = "<group>"; };
		D56131B613FA97470026D7BF /* button_blue.png */ = {isa = PBXFileReference; lastKnownFileType = image.png; name = button_blue.png; path = images/button_blue.png; sourceTree = "<group>"; };
		D56131B813FA97470026D7BF /* checkbban_menubutton.png */ = {isa = PBXFileReference; lastKnownFileType = image.png; name = checkbban_menubutton.png; path = images/checkbban_menubutton.png; sourceTree = "<group>"; };
		D56131BA13FA97470026D7BF /* checkiban_menubutton.png */ = {isa = PBXFileReference; lastKnownFileType = image.png; name = checkiban_menubutton.png; path = images/checkiban_menubutton.png; sourceTree = "<group>"; };
		D56131BB13FA97470026D7BF /* details_button.png */ = {isa = PBXFileReference; lastKnownFileType = image.png; name = details_button.png; path = images/details_button.png; sourceTree = "<group>"; };
		D56131BC13FA97470026D7BF /* grayline.png */ = {isa = PBXFileReference; lastKnownFileType = image.png; name = grayline.png; path = images/grayline.png; sourceTree = "<group>"; };
		D56131BD13FA97470026D7BF /* info.png */ = {isa = PBXFileReference; lastKnownFileType = image.png; name = info.png; path = images/info.png; sourceTree = "<group>"; };
		D56131BE13FA97470026D7BF /* login.png */ = {isa = PBXFileReference; lastKnownFileType = image.png; name = login.png; path = images/login.png; sourceTree = "<group>"; };
		D56131BF13FA97470026D7BF /* middle_white.png */ = {isa = PBXFileReference; lastKnownFileType = image.png; name = middle_white.png; path = images/middle_white.png; sourceTree = "<group>"; };
		D56131C013FA97480026D7BF /* powerdby_apply_logo.png */ = {isa = PBXFileReference; lastKnownFileType = image.png; name = powerdby_apply_logo.png; path = images/powerdby_apply_logo.png; sourceTree = "<group>"; };
		D56131C113FA97480026D7BF /* purple_button.png */ = {isa = PBXFileReference; lastKnownFileType = image.png; name = purple_button.png; path = images/purple_button.png; sourceTree = "<group>"; };
		D56131C213FA97480026D7BF /* sepa_menubutton.png */ = {isa = PBXFileReference; lastKnownFileType = image.png; name = sepa_menubutton.png; path = images/sepa_menubutton.png; sourceTree = "<group>"; };
		D56131C313FA97480026D7BF /* Default.png */ = {isa = PBXFileReference; lastKnownFileType = image.png; name = Default.png; path = images/Default.png; sourceTree = "<group>"; };
		D56131C413FA97480026D7BF /* swift_menubutton.png */ = {isa = PBXFileReference; lastKnownFileType = image.png; name = swift_menubutton.png; path = images/swift_menubutton.png; sourceTree = "<group>"; };
		D56131C513FA97480026D7BF /* top_white.png */ = {isa = PBXFileReference; lastKnownFileType = image.png; name = top_white.png; path = images/top_white.png; sourceTree = "<group>"; };
		D5665EAA13FF6FE300F249D1 /* backbutton.png */ = {isa = PBXFileReference; lastKnownFileType = image.png; path = backbutton.png; sourceTree = "<group>"; };
		D5665EAD13FF6FEC00F249D1 /* purple_button_big.png */ = {isa = PBXFileReference; lastKnownFileType = image.png; path = purple_button_big.png; sourceTree = "<group>"; };
		D569965613FBB163002C75DD /* 21-check_bic_logo.png */ = {isa = PBXFileReference; lastKnownFileType = image.png; name = "21-check_bic_logo.png"; path = "images/21/21-check_bic_logo.png"; sourceTree = "<group>"; };
		D569965713FBB163002C75DD /* 21-check_iban_logo.png */ = {isa = PBXFileReference; lastKnownFileType = image.png; name = "21-check_iban_logo.png"; path = "images/21/21-check_iban_logo.png"; sourceTree = "<group>"; };
		D569965A13FBB171002C75DD /* bg-1.png */ = {isa = PBXFileReference; lastKnownFileType = image.png; name = "bg-1.png"; path = "images/background/bg-1.png"; sourceTree = "<group>"; };
		D569965B13FBB171002C75DD /* bg-2.png */ = {isa = PBXFileReference; lastKnownFileType = image.png; name = "bg-2.png"; path = "images/background/bg-2.png"; sourceTree = "<group>"; };
		D569965E13FBB473002C75DD /* IbanSearchViewController.h */ = {isa = PBXFileReference; fileEncoding = 4; lastKnownFileType = sourcecode.c.h; path = IbanSearchViewController.h; sourceTree = "<group>"; };
		D569965F13FBB473002C75DD /* IbanSearchViewController.m */ = {isa = PBXFileReference; fileEncoding = 4; lastKnownFileType = sourcecode.c.objc; path = IbanSearchViewController.m; sourceTree = "<group>"; };
		D569966013FBB473002C75DD /* IbanSearchViewController.xib */ = {isa = PBXFileReference; fileEncoding = 4; lastKnownFileType = file.xib; path = IbanSearchViewController.xib; sourceTree = "<group>"; };
		D569966313FBB543002C75DD /* check_bic_logo.png */ = {isa = PBXFileReference; lastKnownFileType = image.png; name = check_bic_logo.png; path = images/logo/check_bic_logo.png; sourceTree = "<group>"; };
		D569966413FBB543002C75DD /* checkiban_logo.png */ = {isa = PBXFileReference; lastKnownFileType = image.png; name = checkiban_logo.png; path = images/logo/checkiban_logo.png; sourceTree = "<group>"; };
		D569966713FBB54C002C75DD /* mail_icon.png */ = {isa = PBXFileReference; lastKnownFileType = image.png; name = mail_icon.png; path = images/mail_icon.png; sourceTree = "<group>"; };
		D569966913FBBCE9002C75DD /* check_bic_icon.png */ = {isa = PBXFileReference; lastKnownFileType = image.png; name = check_bic_icon.png; path = images/icon/check_bic_icon.png; sourceTree = "<group>"; };
		D569966A13FBBCE9002C75DD /* checkiban_icon.png */ = {isa = PBXFileReference; lastKnownFileType = image.png; name = checkiban_icon.png; path = images/icon/checkiban_icon.png; sourceTree = "<group>"; };
		D569966B13FBBCEA002C75DD /* sepa_icon.png */ = {isa = PBXFileReference; lastKnownFileType = image.png; name = sepa_icon.png; path = images/icon/sepa_icon.png; sourceTree = "<group>"; };
		D569966C13FBBCEA002C75DD /* swift_icon.png */ = {isa = PBXFileReference; lastKnownFileType = image.png; name = swift_icon.png; path = images/icon/swift_icon.png; sourceTree = "<group>"; };
		D569966D13FBBCEA002C75DD /* swift_topbar_icon.png */ = {isa = PBXFileReference; lastKnownFileType = image.png; name = swift_topbar_icon.png; path = images/icon/swift_topbar_icon.png; sourceTree = "<group>"; };
		D56AD45B1400ABDA009BDE17 /* countries.xml */ = {isa = PBXFileReference; fileEncoding = 4; lastKnownFileType = text.xml; name = countries.xml; path = Resources/DataModel/countries.xml; sourceTree = "<group>"; };
		D56AD45D1400B95E009BDE17 /* CFNetwork.framework */ = {isa = PBXFileReference; lastKnownFileType = wrapper.framework; name = CFNetwork.framework; path = System/Library/Frameworks/CFNetwork.framework; sourceTree = SDKROOT; };
		D5DA1CCF140154A500D4095D /* SwiftConstant.h */ = {isa = PBXFileReference; fileEncoding = 4; lastKnownFileType = sourcecode.c.h; path = SwiftConstant.h; sourceTree = "<group>"; };
		D5DA1CD0140154A500D4095D /* SwiftConstant.m */ = {isa = PBXFileReference; fileEncoding = 4; lastKnownFileType = sourcecode.c.objc; path = SwiftConstant.m; sourceTree = "<group>"; };
		D5DA1CD4140161B700D4095D /* ErrorList.plist */ = {isa = PBXFileReference; fileEncoding = 4; lastKnownFileType = text.plist.xml; path = ErrorList.plist; sourceTree = "<group>"; };
		D5DCD9FE14089CE700786D6A /* Vortex.xcdatamodel */ = {isa = PBXFileReference; lastKnownFileType = wrapper.xcdatamodel; path = Vortex.xcdatamodel; sourceTree = "<group>"; };
		D5DCDA051408A7CC00786D6A /* Bank.h */ = {isa = PBXFileReference; fileEncoding = 4; lastKnownFileType = sourcecode.c.h; path = Bank.h; sourceTree = "<group>"; };
		D5DCDA061408A7CC00786D6A /* Bank.m */ = {isa = PBXFileReference; fileEncoding = 4; lastKnownFileType = sourcecode.c.objc; path = Bank.m; sourceTree = "<group>"; };
		D5DCDA081408A84A00786D6A /* LocHeadBank.h */ = {isa = PBXFileReference; fileEncoding = 4; lastKnownFileType = sourcecode.c.h; path = LocHeadBank.h; sourceTree = "<group>"; };
		D5DCDA091408A84A00786D6A /* LocHeadBank.m */ = {isa = PBXFileReference; fileEncoding = 4; lastKnownFileType = sourcecode.c.objc; path = LocHeadBank.m; sourceTree = "<group>"; };
		D5DCDA0B1408A86400786D6A /* Sepa.h */ = {isa = PBXFileReference; fileEncoding = 4; lastKnownFileType = sourcecode.c.h; path = Sepa.h; sourceTree = "<group>"; };
		D5DCDA0C1408A86400786D6A /* Sepa.m */ = {isa = PBXFileReference; fileEncoding = 4; lastKnownFileType = sourcecode.c.objc; path = Sepa.m; sourceTree = "<group>"; };
		D5DCDA141408A9FC00786D6A /* CoreData.framework */ = {isa = PBXFileReference; lastKnownFileType = wrapper.framework; name = CoreData.framework; path = System/Library/Frameworks/CoreData.framework; sourceTree = SDKROOT; };
		D5DCDA191408ABCA00786D6A /* Routing.h */ = {isa = PBXFileReference; fileEncoding = 4; lastKnownFileType = sourcecode.c.h; path = Routing.h; sourceTree = "<group>"; };
		D5DCDA1A1408ABCA00786D6A /* Routing.m */ = {isa = PBXFileReference; fileEncoding = 4; lastKnownFileType = sourcecode.c.objc; path = Routing.m; sourceTree = "<group>"; };
		D5E9B65413FB51AC006DCDB3 /* MenuViewController.xib */ = {isa = PBXFileReference; fileEncoding = 4; lastKnownFileType = file.xib; path = MenuViewController.xib; sourceTree = "<group>"; };
		D5E9B65B13FB5568006DCDB3 /* SwiftButtonBlue.h */ = {isa = PBXFileReference; fileEncoding = 4; lastKnownFileType = sourcecode.c.h; path = SwiftButtonBlue.h; sourceTree = "<group>"; };
		D5E9B65C13FB5568006DCDB3 /* SwiftButtonBlue.m */ = {isa = PBXFileReference; fileEncoding = 4; lastKnownFileType = sourcecode.c.objc; path = SwiftButtonBlue.m; sourceTree = "<group>"; };
		D5E9B65F13FB594A006DCDB3 /* MenuViewController.h */ = {isa = PBXFileReference; fileEncoding = 4; lastKnownFileType = sourcecode.c.h; path = MenuViewController.h; sourceTree = "<group>"; };
		D5E9B66013FB594A006DCDB3 /* MenuViewController.m */ = {isa = PBXFileReference; fileEncoding = 4; lastKnownFileType = sourcecode.c.objc; path = MenuViewController.m; sourceTree = "<group>"; };
		D5E9B66213FB6C32006DCDB3 /* SwiftNavigationBar.h */ = {isa = PBXFileReference; fileEncoding = 4; lastKnownFileType = sourcecode.c.h; path = SwiftNavigationBar.h; sourceTree = "<group>"; };
		D5E9B66313FB6C32006DCDB3 /* SwiftNavigationBar.m */ = {isa = PBXFileReference; fileEncoding = 4; lastKnownFileType = sourcecode.c.objc; path = SwiftNavigationBar.m; sourceTree = "<group>"; };
		D5E9B66513FB73FB006DCDB3 /* BicSearchViewController.xib */ = {isa = PBXFileReference; fileEncoding = 4; lastKnownFileType = file.xib; path = BicSearchViewController.xib; sourceTree = "<group>"; };
		D5E9B66713FB8AB5006DCDB3 /* SwiftTabBarNavigationController.h */ = {isa = PBXFileReference; fileEncoding = 4; lastKnownFileType = sourcecode.c.h; path = SwiftTabBarNavigationController.h; sourceTree = "<group>"; };
		D5E9B66813FB8AB5006DCDB3 /* SwiftTabBarNavigationController.m */ = {isa = PBXFileReference; fileEncoding = 4; lastKnownFileType = sourcecode.c.objc; path = SwiftTabBarNavigationController.m; sourceTree = "<group>"; };
		D5E9B66913FB8AB5006DCDB3 /* SwiftTabBarNavigationController.xib */ = {isa = PBXFileReference; fileEncoding = 4; lastKnownFileType = file.xib; path = SwiftTabBarNavigationController.xib; sourceTree = "<group>"; };
		D5E9B66C13FB8D4C006DCDB3 /* BicSearchViewController.h */ = {isa = PBXFileReference; fileEncoding = 4; lastKnownFileType = sourcecode.c.h; path = BicSearchViewController.h; sourceTree = "<group>"; };
		D5E9B66D13FB8D4C006DCDB3 /* BicSearchViewController.m */ = {isa = PBXFileReference; fileEncoding = 4; lastKnownFileType = sourcecode.c.objc; path = BicSearchViewController.m; sourceTree = "<group>"; };
/* End PBXFileReference section */

/* Begin PBXFrameworksBuildPhase section */
		D561316713FA2D5F0026D7BF /* Frameworks */ = {
			isa = PBXFrameworksBuildPhase;
			buildActionMask = 2147483647;
			files = (
				D5DCDA151408A9FC00786D6A /* CoreData.framework in Frameworks */,
				D561316F13FA2D5F0026D7BF /* UIKit.framework in Frameworks */,
				D561317113FA2D5F0026D7BF /* Foundation.framework in Frameworks */,
				D561317313FA2D5F0026D7BF /* CoreGraphics.framework in Frameworks */,
			);
			runOnlyForDeploymentPostprocessing = 0;
		};
		D561318A13FA2D600026D7BF /* Frameworks */ = {
			isa = PBXFrameworksBuildPhase;
			buildActionMask = 2147483647;
			files = (
				D561318F13FA2D600026D7BF /* UIKit.framework in Frameworks */,
				D561319013FA2D600026D7BF /* Foundation.framework in Frameworks */,
				D561319113FA2D600026D7BF /* CoreGraphics.framework in Frameworks */,
			);
			runOnlyForDeploymentPostprocessing = 0;
		};
/* End PBXFrameworksBuildPhase section */

/* Begin PBXGroup section */
		D561315F13FA2D5F0026D7BF = {
			isa = PBXGroup;
			children = (
				D561317413FA2D5F0026D7BF /* Swift */,
				D561319413FA2D600026D7BF /* SwiftTests */,
				D561316D13FA2D5F0026D7BF /* Frameworks */,
				D561316B13FA2D5F0026D7BF /* Products */,
			);
			sourceTree = "<group>";
		};
		D561316B13FA2D5F0026D7BF /* Products */ = {
			isa = PBXGroup;
			children = (
				D561316A13FA2D5F0026D7BF /* Swift.app */,
				D561318E13FA2D600026D7BF /* SwiftTests.octest */,
			);
			name = Products;
			sourceTree = "<group>";
		};
		D561316D13FA2D5F0026D7BF /* Frameworks */ = {
			isa = PBXGroup;
			children = (
				D5DCDA141408A9FC00786D6A /* CoreData.framework */,
				D56AD45D1400B95E009BDE17 /* CFNetwork.framework */,
				D561316E13FA2D5F0026D7BF /* UIKit.framework */,
				D561317013FA2D5F0026D7BF /* Foundation.framework */,
				D561317213FA2D5F0026D7BF /* CoreGraphics.framework */,
			);
			name = Frameworks;
			sourceTree = "<group>";
		};
		D561317413FA2D5F0026D7BF /* Swift */ = {
			isa = PBXGroup;
			children = (
				D56131B313FA929A0026D7BF /* Resources */,
				D56131B213FA92810026D7BF /* Classes */,
				D56131B113FA92610026D7BF /* images */,
				D56131AF13FA91DB0026D7BF /* en.lproj */,
				D561317513FA2D5F0026D7BF /* Supporting Files */,
			);
			path = Swift;
			sourceTree = "<group>";
		};
		D561317513FA2D5F0026D7BF /* Supporting Files */ = {
			isa = PBXGroup;
			children = (
				D561317613FA2D5F0026D7BF /* Swift-Info.plist */,
				D561317713FA2D5F0026D7BF /* InfoPlist.strings */,
				D561317A13FA2D5F0026D7BF /* Swift-Prefix.pch */,
				D561317B13FA2D5F0026D7BF /* main.m */,
			);
			name = "Supporting Files";
			sourceTree = "<group>";
		};
		D561319413FA2D600026D7BF /* SwiftTests */ = {
			isa = PBXGroup;
			children = (
				D561319B13FA2D600026D7BF /* SwiftTests.h */,
				D561319D13FA2D600026D7BF /* SwiftTests.m */,
				D561319513FA2D600026D7BF /* Supporting Files */,
			);
			path = SwiftTests;
			sourceTree = "<group>";
		};
		D561319513FA2D600026D7BF /* Supporting Files */ = {
			isa = PBXGroup;
			children = (
				D561319613FA2D600026D7BF /* SwiftTests-Info.plist */,
				D561319713FA2D600026D7BF /* InfoPlist.strings */,
				D561319A13FA2D600026D7BF /* SwiftTests-Prefix.pch */,
			);
			name = "Supporting Files";
			sourceTree = "<group>";
		};
		D56131AF13FA91DB0026D7BF /* en.lproj */ = {
			isa = PBXGroup;
			children = (
				D05EA9F613FD270300B8CD89 /* AboutSepaViewController.xib */,
				D05EA9F113FD265800B8CD89 /* AboutSwiftViewController.xib */,
				D569966013FBB473002C75DD /* IbanSearchViewController.xib */,
				D5E9B66913FB8AB5006DCDB3 /* SwiftTabBarNavigationController.xib */,
				D5E9B65413FB51AC006DCDB3 /* MenuViewController.xib */,
				D5E9B66513FB73FB006DCDB3 /* BicSearchViewController.xib */,
			);
			name = en.lproj;
			sourceTree = "<group>";
		};
		D56131B113FA92610026D7BF /* images */ = {
			isa = PBXGroup;
			children = (
				D5311D4D1404D2FE00ADB48A /* iphone4.png */,
				D5311D4B1404D2EA00ADB48A /* iphone3.png */,
				D5665EAD13FF6FEC00F249D1 /* purple_button_big.png */,
				D5665EAA13FF6FE300F249D1 /* backbutton.png */,
				D569966913FBBCE9002C75DD /* check_bic_icon.png */,
				D569966A13FBBCE9002C75DD /* checkiban_icon.png */,
				D569966B13FBBCEA002C75DD /* sepa_icon.png */,
				D569966C13FBBCEA002C75DD /* swift_icon.png */,
				D569966D13FBBCEA002C75DD /* swift_topbar_icon.png */,
				D569966713FBB54C002C75DD /* mail_icon.png */,
				D569966313FBB543002C75DD /* check_bic_logo.png */,
				D569966413FBB543002C75DD /* checkiban_logo.png */,
				D569965A13FBB171002C75DD /* bg-1.png */,
				D569965B13FBB171002C75DD /* bg-2.png */,
				D569965613FBB163002C75DD /* 21-check_bic_logo.png */,
				D569965713FBB163002C75DD /* 21-check_iban_logo.png */,
				D56131B513FA97460026D7BF /* bottom_white.png */,
				D56131B613FA97470026D7BF /* button_blue.png */,
				D56131B813FA97470026D7BF /* checkbban_menubutton.png */,
				D56131BA13FA97470026D7BF /* checkiban_menubutton.png */,
				D56131BB13FA97470026D7BF /* details_button.png */,
				D56131BC13FA97470026D7BF /* grayline.png */,
				D56131BD13FA97470026D7BF /* info.png */,
				D56131BE13FA97470026D7BF /* login.png */,
				D56131BF13FA97470026D7BF /* middle_white.png */,
				D56131C013FA97480026D7BF /* powerdby_apply_logo.png */,
				D56131C113FA97480026D7BF /* purple_button.png */,
				D56131C213FA97480026D7BF /* sepa_menubutton.png */,
				D56131C313FA97480026D7BF /* Default.png */,
				D56131C413FA97480026D7BF /* swift_menubutton.png */,
				D56131C513FA97480026D7BF /* top_white.png */,
			);
			name = images;
			sourceTree = "<group>";
		};
		D56131B213FA92810026D7BF /* Classes */ = {
			isa = PBXGroup;
			children = (
				D5DCDA041408A79500786D6A /* ManagedObjects */,
				D5E9B65E13FB5924006DCDB3 /* ViewControllers */,
				D5E9B65913FB54B0006DCDB3 /* Utilities */,
				D56131B413FA93690026D7BF /* delegate */,
			);
			name = Classes;
			sourceTree = "<group>";
		};
		D56131B313FA929A0026D7BF /* Resources */ = {
			isa = PBXGroup;
			children = (
				D56AD4591400ABC1009BDE17 /* DataModel */,
				D561318013FA2D600026D7BF /* MainWindow.xib */,
				D5DA1CD4140161B700D4095D /* ErrorList.plist */,
			);
			name = Resources;
			sourceTree = "<group>";
		};
		D56131B413FA93690026D7BF /* delegate */ = {
			isa = PBXGroup;
			children = (
				D561317D13FA2D600026D7BF /* SwiftAppDelegate.h */,
				D561317E13FA2D600026D7BF /* SwiftAppDelegate.m */,
				D05EA9E813FD130B00B8CD89 /* UISwiftTextFieldDelegate.h */,
				D05EA9E913FD130B00B8CD89 /* UISwiftTextFieldDelegate.m */,
			);
			name = delegate;
			sourceTree = "<group>";
		};
		D56AD4591400ABC1009BDE17 /* DataModel */ = {
			isa = PBXGroup;
			children = (
				D56AD45B1400ABDA009BDE17 /* countries.xml */,
				D5DCD9FD14089CE700786D6A /* Vortex.xcdatamodeld */,
			);
			name = DataModel;
			sourceTree = "<group>";
		};
		D5DCDA041408A79500786D6A /* ManagedObjects */ = {
			isa = PBXGroup;
			children = (
				D531090714094C4C00D5BEA2 /* Ident.h */,
				D531090814094C4C00D5BEA2 /* Ident.m */,
				D5DCDA191408ABCA00786D6A /* Routing.h */,
				D5DCDA1A1408ABCA00786D6A /* Routing.m */,
				D5DCDA0B1408A86400786D6A /* Sepa.h */,
				D5DCDA0C1408A86400786D6A /* Sepa.m */,
				D5DCDA081408A84A00786D6A /* LocHeadBank.h */,
				D5DCDA091408A84A00786D6A /* LocHeadBank.m */,
				D5DCDA051408A7CC00786D6A /* Bank.h */,
				D5DCDA061408A7CC00786D6A /* Bank.m */,
			);
			name = ManagedObjects;
			sourceTree = "<group>";
		};
		D5E9B65913FB54B0006DCDB3 /* Utilities */ = {
			isa = PBXGroup;
			children = (
				D5E9B65A13FB54BD006DCDB3 /* CustomObjects */,
				D5DA1CCF140154A500D4095D /* SwiftConstant.h */,
				D5DA1CD0140154A500D4095D /* SwiftConstant.m */,
				D0C6AF181405F3F10082DB00 /* WSFactory.h */,
				D0C6AF191405F3F10082DB00 /* WSFactory.m */,
				D0DF2E7E140C661A00339174 /* XmlParser.h */,
				D0DF2E7F140C661A00339174 /* XmlParser.m */,
			);
			name = Utilities;
			sourceTree = "<group>";
		};
		D5E9B65A13FB54BD006DCDB3 /* CustomObjects */ = {
			isa = PBXGroup;
			children = (
				D5E9B65B13FB5568006DCDB3 /* SwiftButtonBlue.h */,
				D5E9B65C13FB5568006DCDB3 /* SwiftButtonBlue.m */,
				D5E9B66213FB6C32006DCDB3 /* SwiftNavigationBar.h */,
				D5E9B66313FB6C32006DCDB3 /* SwiftNavigationBar.m */,
				D05EA9EC13FD21C600B8CD89 /* SwiftButtonPurple.h */,
				D05EA9ED13FD21C600B8CD89 /* SwiftButtonPurple.m */,
			);
			name = CustomObjects;
			sourceTree = "<group>";
		};
		D5E9B65E13FB5924006DCDB3 /* ViewControllers */ = {
			isa = PBXGroup;
			children = (
				D5E9B65F13FB594A006DCDB3 /* MenuViewController.h */,
				D5E9B66013FB594A006DCDB3 /* MenuViewController.m */,
				D5E9B66713FB8AB5006DCDB3 /* SwiftTabBarNavigationController.h */,
				D5E9B66813FB8AB5006DCDB3 /* SwiftTabBarNavigationController.m */,
				D5E9B66C13FB8D4C006DCDB3 /* BicSearchViewController.h */,
				D5E9B66D13FB8D4C006DCDB3 /* BicSearchViewController.m */,
				D569965E13FBB473002C75DD /* IbanSearchViewController.h */,
				D569965F13FBB473002C75DD /* IbanSearchViewController.m */,
				D05EA9EF13FD265800B8CD89 /* AboutSwiftViewController.h */,
				D05EA9F013FD265800B8CD89 /* AboutSwiftViewController.m */,
				D05EA9F413FD270300B8CD89 /* AboutSepaViewController.h */,
				D05EA9F513FD270300B8CD89 /* AboutSepaViewController.m */,
			);
			name = ViewControllers;
			sourceTree = "<group>";
		};
/* End PBXGroup section */

/* Begin PBXNativeTarget section */
		D561316913FA2D5F0026D7BF /* Swift */ = {
			isa = PBXNativeTarget;
			buildConfigurationList = D56131A113FA2D600026D7BF /* Build configuration list for PBXNativeTarget "Swift" */;
			buildPhases = (
				D561316613FA2D5F0026D7BF /* Sources */,
				D561316713FA2D5F0026D7BF /* Frameworks */,
				D561316813FA2D5F0026D7BF /* Resources */,
			);
			buildRules = (
			);
			dependencies = (
			);
			name = Swift;
			productName = Swift;
			productReference = D561316A13FA2D5F0026D7BF /* Swift.app */;
			productType = "com.apple.product-type.application";
		};
		D561318D13FA2D600026D7BF /* SwiftTests */ = {
			isa = PBXNativeTarget;
			buildConfigurationList = D56131A413FA2D600026D7BF /* Build configuration list for PBXNativeTarget "SwiftTests" */;
			buildPhases = (
				D561318913FA2D600026D7BF /* Sources */,
				D561318A13FA2D600026D7BF /* Frameworks */,
				D561318B13FA2D600026D7BF /* Resources */,
				D561318C13FA2D600026D7BF /* ShellScript */,
			);
			buildRules = (
			);
			dependencies = (
				D561319313FA2D600026D7BF /* PBXTargetDependency */,
			);
			name = SwiftTests;
			productName = SwiftTests;
			productReference = D561318E13FA2D600026D7BF /* SwiftTests.octest */;
			productType = "com.apple.product-type.bundle";
		};
/* End PBXNativeTarget section */

/* Begin PBXProject section */
		D561316113FA2D5F0026D7BF /* Project object */ = {
			isa = PBXProject;
			attributes = {
				ORGANIZATIONNAME = ApplyFinancial;
			};
			buildConfigurationList = D561316413FA2D5F0026D7BF /* Build configuration list for PBXProject "Swift" */;
			compatibilityVersion = "Xcode 3.2";
			developmentRegion = English;
			hasScannedForEncodings = 0;
			knownRegions = (
				en,
			);
			mainGroup = D561315F13FA2D5F0026D7BF;
			productRefGroup = D561316B13FA2D5F0026D7BF /* Products */;
			projectDirPath = "";
			projectRoot = "";
			targets = (
				D561316913FA2D5F0026D7BF /* Swift */,
				D561318D13FA2D600026D7BF /* SwiftTests */,
			);
		};
/* End PBXProject section */

/* Begin PBXResourcesBuildPhase section */
		D561316813FA2D5F0026D7BF /* Resources */ = {
			isa = PBXResourcesBuildPhase;
			buildActionMask = 2147483647;
			files = (
				D561317913FA2D5F0026D7BF /* InfoPlist.strings in Resources */,
				D561318213FA2D600026D7BF /* MainWindow.xib in Resources */,
				D56131C613FA97490026D7BF /* bottom_white.png in Resources */,
				D56131C713FA97490026D7BF /* button_blue.png in Resources */,
				D56131C913FA97490026D7BF /* checkbban_menubutton.png in Resources */,
				D56131CB13FA97490026D7BF /* checkiban_menubutton.png in Resources */,
				D56131CC13FA97490026D7BF /* details_button.png in Resources */,
				D56131CD13FA97490026D7BF /* grayline.png in Resources */,
				D56131CE13FA97490026D7BF /* info.png in Resources */,
				D56131CF13FA97490026D7BF /* login.png in Resources */,
				D56131D013FA97490026D7BF /* middle_white.png in Resources */,
				D56131D113FA97490026D7BF /* powerdby_apply_logo.png in Resources */,
				D56131D213FA97490026D7BF /* purple_button.png in Resources */,
				D56131D313FA97490026D7BF /* sepa_menubutton.png in Resources */,
				D56131D413FA97490026D7BF /* Default.png in Resources */,
				D56131D513FA97490026D7BF /* swift_menubutton.png in Resources */,
				D56131D613FA97490026D7BF /* top_white.png in Resources */,
				D5E9B65513FB51AC006DCDB3 /* MenuViewController.xib in Resources */,
				D5E9B66613FB73FB006DCDB3 /* BicSearchViewController.xib in Resources */,
				D5E9B66B13FB8AB5006DCDB3 /* SwiftTabBarNavigationController.xib in Resources */,
				D569965813FBB163002C75DD /* 21-check_bic_logo.png in Resources */,
				D569965913FBB163002C75DD /* 21-check_iban_logo.png in Resources */,
				D569965C13FBB171002C75DD /* bg-1.png in Resources */,
				D569965D13FBB171002C75DD /* bg-2.png in Resources */,
				D569966213FBB473002C75DD /* IbanSearchViewController.xib in Resources */,
				D569966513FBB543002C75DD /* check_bic_logo.png in Resources */,
				D569966613FBB543002C75DD /* checkiban_logo.png in Resources */,
				D569966813FBB54C002C75DD /* mail_icon.png in Resources */,
				D569966E13FBBCEA002C75DD /* check_bic_icon.png in Resources */,
				D569966F13FBBCEA002C75DD /* checkiban_icon.png in Resources */,
				D569967013FBBCEA002C75DD /* sepa_icon.png in Resources */,
				D569967113FBBCEA002C75DD /* swift_icon.png in Resources */,
				D569967213FBBCEA002C75DD /* swift_topbar_icon.png in Resources */,
				D05EA9F313FD265800B8CD89 /* AboutSwiftViewController.xib in Resources */,
				D05EA9F813FD270400B8CD89 /* AboutSepaViewController.xib in Resources */,
				D5665EAB13FF6FE300F249D1 /* backbutton.png in Resources */,
				D5665EAE13FF6FEC00F249D1 /* purple_button_big.png in Resources */,
				D56AD45C1400ABDA009BDE17 /* countries.xml in Resources */,
				D5DA1CD5140161B700D4095D /* ErrorList.plist in Resources */,
				D5311D4C1404D2EA00ADB48A /* iphone3.png in Resources */,
				D5311D4E1404D2FE00ADB48A /* iphone4.png in Resources */,
			);
			runOnlyForDeploymentPostprocessing = 0;
		};
		D561318B13FA2D600026D7BF /* Resources */ = {
			isa = PBXResourcesBuildPhase;
			buildActionMask = 2147483647;
			files = (
				D561319913FA2D600026D7BF /* InfoPlist.strings in Resources */,
				D561319C13FA2D600026D7BF /* SwiftTests.h in Resources */,
			);
			runOnlyForDeploymentPostprocessing = 0;
		};
/* End PBXResourcesBuildPhase section */

/* Begin PBXShellScriptBuildPhase section */
		D561318C13FA2D600026D7BF /* ShellScript */ = {
			isa = PBXShellScriptBuildPhase;
			buildActionMask = 2147483647;
			files = (
			);
			inputPaths = (
			);
			outputPaths = (
			);
			runOnlyForDeploymentPostprocessing = 0;
			shellPath = /bin/sh;
			shellScript = "# Run the unit tests in this test bundle.\n\"${SYSTEM_DEVELOPER_DIR}/Tools/RunUnitTests\"\n";
		};
/* End PBXShellScriptBuildPhase section */

/* Begin PBXSourcesBuildPhase section */
		D561316613FA2D5F0026D7BF /* Sources */ = {
			isa = PBXSourcesBuildPhase;
			buildActionMask = 2147483647;
			files = (
				D561317C13FA2D5F0026D7BF /* main.m in Sources */,
				D561317F13FA2D600026D7BF /* SwiftAppDelegate.m in Sources */,
				D5E9B65D13FB5568006DCDB3 /* SwiftButtonBlue.m in Sources */,
				D5E9B66113FB594A006DCDB3 /* MenuViewController.m in Sources */,
				D5E9B66413FB6C32006DCDB3 /* SwiftNavigationBar.m in Sources */,
				D5E9B66A13FB8AB5006DCDB3 /* SwiftTabBarNavigationController.m in Sources */,
				D5E9B66E13FB8D4C006DCDB3 /* BicSearchViewController.m in Sources */,
				D569966113FBB473002C75DD /* IbanSearchViewController.m in Sources */,
				D05EA9EA13FD130B00B8CD89 /* UISwiftTextFieldDelegate.m in Sources */,
				D05EA9EE13FD21C600B8CD89 /* SwiftButtonPurple.m in Sources */,
				D05EA9F213FD265800B8CD89 /* AboutSwiftViewController.m in Sources */,
				D05EA9F713FD270400B8CD89 /* AboutSepaViewController.m in Sources */,
				D5DA1CD1140154A500D4095D /* SwiftConstant.m in Sources */,
				D0C6AF1A1405F3F10082DB00 /* WSFactory.m in Sources */,
				D5DCD9FF14089CE700786D6A /* Vortex.xcdatamodeld in Sources */,
				D5DCDA071408A7CC00786D6A /* Bank.m in Sources */,
				D5DCDA0A1408A84A00786D6A /* LocHeadBank.m in Sources */,
				D5DCDA0D1408A86400786D6A /* Sepa.m in Sources */,
				D5DCDA1B1408ABCA00786D6A /* Routing.m in Sources */,
				D531090914094C4C00D5BEA2 /* Ident.m in Sources */,
				D0DF2E80140C661A00339174 /* XmlParser.m in Sources */,
			);
			runOnlyForDeploymentPostprocessing = 0;
		};
		D561318913FA2D600026D7BF /* Sources */ = {
			isa = PBXSourcesBuildPhase;
			buildActionMask = 2147483647;
			files = (
				D561319E13FA2D600026D7BF /* SwiftTests.m in Sources */,
			);
			runOnlyForDeploymentPostprocessing = 0;
		};
/* End PBXSourcesBuildPhase section */

/* Begin PBXTargetDependency section */
		D561319313FA2D600026D7BF /* PBXTargetDependency */ = {
			isa = PBXTargetDependency;
			target = D561316913FA2D5F0026D7BF /* Swift */;
			targetProxy = D561319213FA2D600026D7BF /* PBXContainerItemProxy */;
		};
/* End PBXTargetDependency section */

/* Begin PBXVariantGroup section */
		D561317713FA2D5F0026D7BF /* InfoPlist.strings */ = {
			isa = PBXVariantGroup;
			children = (
				D561317813FA2D5F0026D7BF /* en */,
			);
			name = InfoPlist.strings;
			sourceTree = "<group>";
		};
		D561318013FA2D600026D7BF /* MainWindow.xib */ = {
			isa = PBXVariantGroup;
			children = (
				D561318113FA2D600026D7BF /* en */,
			);
			name = MainWindow.xib;
			sourceTree = "<group>";
		};
		D561319713FA2D600026D7BF /* InfoPlist.strings */ = {
			isa = PBXVariantGroup;
			children = (
				D561319813FA2D600026D7BF /* en */,
			);
			name = InfoPlist.strings;
			sourceTree = "<group>";
		};
/* End PBXVariantGroup section */

/* Begin XCBuildConfiguration section */
		D561319F13FA2D600026D7BF /* Debug */ = {
			isa = XCBuildConfiguration;
			buildSettings = {
				ARCHS = "$(ARCHS_STANDARD_32_BIT)";
				CODE_SIGN_IDENTITY = "";
				"CODE_SIGN_IDENTITY[sdk=iphoneos*]" = "";
				GCC_C_LANGUAGE_STANDARD = gnu99;
				GCC_OPTIMIZATION_LEVEL = 0;
				GCC_PREPROCESSOR_DEFINITIONS = DEBUG;
				GCC_SYMBOLS_PRIVATE_EXTERN = NO;
				GCC_VERSION = com.apple.compilers.llvmgcc42;
				GCC_WARN_ABOUT_RETURN_TYPE = YES;
				GCC_WARN_UNUSED_VARIABLE = YES;
				IPHONEOS_DEPLOYMENT_TARGET = 4.3;
				SDKROOT = iphoneos;
			};
			name = Debug;
		};
		D56131A013FA2D600026D7BF /* Release */ = {
			isa = XCBuildConfiguration;
			buildSettings = {
				ARCHS = "$(ARCHS_STANDARD_32_BIT)";
				"CODE_SIGN_IDENTITY[sdk=iphoneos*]" = "iPhone Developer";
				GCC_C_LANGUAGE_STANDARD = gnu99;
				GCC_VERSION = com.apple.compilers.llvmgcc42;
				GCC_WARN_ABOUT_RETURN_TYPE = YES;
				GCC_WARN_UNUSED_VARIABLE = YES;
				IPHONEOS_DEPLOYMENT_TARGET = 4.3;
				OTHER_CFLAGS = "-DNS_BLOCK_ASSERTIONS=1";
				SDKROOT = iphoneos;
			};
			name = Release;
		};
		D56131A213FA2D600026D7BF /* Debug */ = {
			isa = XCBuildConfiguration;
			buildSettings = {
				ALWAYS_SEARCH_USER_PATHS = NO;
				COPY_PHASE_STRIP = NO;
				GCC_DYNAMIC_NO_PIC = NO;
				GCC_PRECOMPILE_PREFIX_HEADER = YES;
				GCC_PREFIX_HEADER = "Swift/Swift-Prefix.pch";
				INFOPLIST_FILE = "Swift/Swift-Info.plist";
				IPHONEOS_DEPLOYMENT_TARGET = 4.3;
				PRODUCT_NAME = "$(TARGET_NAME)";
				WRAPPER_EXTENSION = app;
			};
			name = Debug;
		};
		D56131A313FA2D600026D7BF /* Release */ = {
			isa = XCBuildConfiguration;
			buildSettings = {
				ALWAYS_SEARCH_USER_PATHS = NO;
				COPY_PHASE_STRIP = YES;
				GCC_PRECOMPILE_PREFIX_HEADER = YES;
				GCC_PREFIX_HEADER = "Swift/Swift-Prefix.pch";
				INFOPLIST_FILE = "Swift/Swift-Info.plist";
				IPHONEOS_DEPLOYMENT_TARGET = 4.3;
				PRODUCT_NAME = "$(TARGET_NAME)";
				VALIDATE_PRODUCT = YES;
				WRAPPER_EXTENSION = app;
			};
			name = Release;
		};
		D56131A513FA2D600026D7BF /* Debug */ = {
			isa = XCBuildConfiguration;
			buildSettings = {
				ALWAYS_SEARCH_USER_PATHS = NO;
				BUNDLE_LOADER = "$(BUILT_PRODUCTS_DIR)/Swift.app/Swift";
				FRAMEWORK_SEARCH_PATHS = (
					"$(SDKROOT)/Developer/Library/Frameworks",
					"$(DEVELOPER_LIBRARY_DIR)/Frameworks",
				);
				GCC_PRECOMPILE_PREFIX_HEADER = YES;
				GCC_PREFIX_HEADER = "SwiftTests/SwiftTests-Prefix.pch";
				INFOPLIST_FILE = "SwiftTests/SwiftTests-Info.plist";
				OTHER_LDFLAGS = (
					"-framework",
					SenTestingKit,
				);
				PRODUCT_NAME = "$(TARGET_NAME)";
				TEST_HOST = "$(BUNDLE_LOADER)";
				WRAPPER_EXTENSION = octest;
			};
			name = Debug;
		};
		D56131A613FA2D600026D7BF /* Release */ = {
			isa = XCBuildConfiguration;
			buildSettings = {
				ALWAYS_SEARCH_USER_PATHS = NO;
				BUNDLE_LOADER = "$(BUILT_PRODUCTS_DIR)/Swift.app/Swift";
				FRAMEWORK_SEARCH_PATHS = (
					"$(SDKROOT)/Developer/Library/Frameworks",
					"$(DEVELOPER_LIBRARY_DIR)/Frameworks",
				);
				GCC_PRECOMPILE_PREFIX_HEADER = YES;
				GCC_PREFIX_HEADER = "SwiftTests/SwiftTests-Prefix.pch";
				INFOPLIST_FILE = "SwiftTests/SwiftTests-Info.plist";
				OTHER_LDFLAGS = (
					"-framework",
					SenTestingKit,
				);
				PRODUCT_NAME = "$(TARGET_NAME)";
				TEST_HOST = "$(BUNDLE_LOADER)";
				WRAPPER_EXTENSION = octest;
			};
			name = Release;
		};
/* End XCBuildConfiguration section */

/* Begin XCConfigurationList section */
		D561316413FA2D5F0026D7BF /* Build configuration list for PBXProject "Swift" */ = {
			isa = XCConfigurationList;
			buildConfigurations = (
				D561319F13FA2D600026D7BF /* Debug */,
				D56131A013FA2D600026D7BF /* Release */,
			);
			defaultConfigurationIsVisible = 0;
			defaultConfigurationName = Release;
		};
		D56131A113FA2D600026D7BF /* Build configuration list for PBXNativeTarget "Swift" */ = {
			isa = XCConfigurationList;
			buildConfigurations = (
				D56131A213FA2D600026D7BF /* Debug */,
				D56131A313FA2D600026D7BF /* Release */,
			);
			defaultConfigurationIsVisible = 0;
			defaultConfigurationName = Release;
		};
		D56131A413FA2D600026D7BF /* Build configuration list for PBXNativeTarget "SwiftTests" */ = {
			isa = XCConfigurationList;
			buildConfigurations = (
				D56131A513FA2D600026D7BF /* Debug */,
				D56131A613FA2D600026D7BF /* Release */,
			);
			defaultConfigurationIsVisible = 0;
			defaultConfigurationName = Release;
		};
/* End XCConfigurationList section */

/* Begin XCVersionGroup section */
		D5DCD9FD14089CE700786D6A /* Vortex.xcdatamodeld */ = {
			isa = XCVersionGroup;
			children = (
				D5DCD9FE14089CE700786D6A /* Vortex.xcdatamodel */,
			);
			currentVersion = D5DCD9FE14089CE700786D6A /* Vortex.xcdatamodel */;
			path = Vortex.xcdatamodeld;
			sourceTree = "<group>";
			versionGroupType = wrapper.xcdatamodel;
		};
/* End XCVersionGroup section */
	};
	rootObject = D561316113FA2D5F0026D7BF /* Project object */;
}
